// !$*UTF8*$!
{
	archiveVersion = 1;
	classes = {
	};
	objectVersion = 56;
	objects = {

/* Begin PBXBuildFile section */
		6D00FC8E2923C07800BFBD90 /* Message.swift in Sources */ = {isa = PBXBuildFile; fileRef = 6D00FC8D2923C07800BFBD90 /* Message.swift */; };
		6D00FC902924C94F00BFBD90 /* InputHelper.swift in Sources */ = {isa = PBXBuildFile; fileRef = 6D00FC8F2924C94F00BFBD90 /* InputHelper.swift */; };
		6D00FC922924CC6200BFBD90 /* ErrorEnums.swift in Sources */ = {isa = PBXBuildFile; fileRef = 6D00FC912924CC6200BFBD90 /* ErrorEnums.swift */; };
		6D00FC942925179000BFBD90 /* AuctionManager.swift in Sources */ = {isa = PBXBuildFile; fileRef = 6D00FC932925179000BFBD90 /* AuctionManager.swift */; };
		6D00FC9629251CCC00BFBD90 /* DataBase.swift in Sources */ = {isa = PBXBuildFile; fileRef = 6D00FC9529251CCC00BFBD90 /* DataBase.swift */; };
		6D00FC982925F12300BFBD90 /* AuctionStatus.swift in Sources */ = {isa = PBXBuildFile; fileRef = 6D00FC972925F12300BFBD90 /* AuctionStatus.swift */; };
		6D00FC9A2926021000BFBD90 /* BuyerRegistrationService.swift in Sources */ = {isa = PBXBuildFile; fileRef = 6D00FC992926021000BFBD90 /* BuyerRegistrationService.swift */; };
		6D00FC9C2926156C00BFBD90 /* ValidationHelper.swift in Sources */ = {isa = PBXBuildFile; fileRef = 6D00FC9B2926156C00BFBD90 /* ValidationHelper.swift */; };
		6D00FC9E292637EF00BFBD90 /* LoginService.swift in Sources */ = {isa = PBXBuildFile; fileRef = 6D00FC9D292637EF00BFBD90 /* LoginService.swift */; };
		6D00FCA22926428C00BFBD90 /* Staff.swift in Sources */ = {isa = PBXBuildFile; fileRef = 6D00FCA12926428C00BFBD90 /* Staff.swift */; };
		6D00FCA42927424000BFBD90 /* AuctionManagerService.swift in Sources */ = {isa = PBXBuildFile; fileRef = 6D00FCA32927423F00BFBD90 /* AuctionManagerService.swift */; };
		6D00FCA6292745B000BFBD90 /* ItemEnums.swift in Sources */ = {isa = PBXBuildFile; fileRef = 6D00FCA5292745B000BFBD90 /* ItemEnums.swift */; };
		6D3A67A52923965200BB3BBC /* main.swift in Sources */ = {isa = PBXBuildFile; fileRef = 6D3A67A42923965200BB3BBC /* main.swift */; };
		6D3A67AF2923974E00BB3BBC /* Buyer.swift in Sources */ = {isa = PBXBuildFile; fileRef = 6D3A67AE2923974E00BB3BBC /* Buyer.swift */; };
		6D3A67B12923976E00BB3BBC /* Auctioneer.swift in Sources */ = {isa = PBXBuildFile; fileRef = 6D3A67B02923976E00BB3BBC /* Auctioneer.swift */; };
		6D3A67B3292397BE00BB3BBC /* Auction.swift in Sources */ = {isa = PBXBuildFile; fileRef = 6D3A67B2292397BE00BB3BBC /* Auction.swift */; };
		6D3A67B5292397C900BB3BBC /* Bid.swift in Sources */ = {isa = PBXBuildFile; fileRef = 6D3A67B4292397C900BB3BBC /* Bid.swift */; };
		6D3A67B7292397E100BB3BBC /* UserServices.swift in Sources */ = {isa = PBXBuildFile; fileRef = 6D3A67B6292397E100BB3BBC /* UserServices.swift */; };
		6D3A67BA2923980E00BB3BBC /* AuctioneerServices.swift in Sources */ = {isa = PBXBuildFile; fileRef = 6D3A67B92923980E00BB3BBC /* AuctioneerServices.swift */; };
		6D3A67BC2923981D00BB3BBC /* BuyerServices.swift in Sources */ = {isa = PBXBuildFile; fileRef = 6D3A67BB2923981D00BB3BBC /* BuyerServices.swift */; };
		6D3A67BE29239C6B00BB3BBC /* Item.swift in Sources */ = {isa = PBXBuildFile; fileRef = 6D3A67BD29239C6B00BB3BBC /* Item.swift */; };
		6D3A67C02923BD1E00BB3BBC /* MenuManager.swift in Sources */ = {isa = PBXBuildFile; fileRef = 6D3A67BF2923BD1E00BB3BBC /* MenuManager.swift */; };
		6D3A67C62923BE4400BB3BBC /* PrintHelper.swift in Sources */ = {isa = PBXBuildFile; fileRef = 6D3A67C52923BE4400BB3BBC /* PrintHelper.swift */; };
/* End PBXBuildFile section */

/* Begin PBXCopyFilesBuildPhase section */
		6D3A679F2923965200BB3BBC /* CopyFiles */ = {
			isa = PBXCopyFilesBuildPhase;
			buildActionMask = 2147483647;
			dstPath = /usr/share/man/man1/;
			dstSubfolderSpec = 0;
			files = (
			);
			runOnlyForDeploymentPostprocessing = 1;
		};
/* End PBXCopyFilesBuildPhase section */

/* Begin PBXFileReference section */
		6D00FC8D2923C07800BFBD90 /* Message.swift */ = {isa = PBXFileReference; lastKnownFileType = sourcecode.swift; path = Message.swift; sourceTree = "<group>"; };
		6D00FC8F2924C94F00BFBD90 /* InputHelper.swift */ = {isa = PBXFileReference; lastKnownFileType = sourcecode.swift; path = InputHelper.swift; sourceTree = "<group>"; };
		6D00FC912924CC6200BFBD90 /* ErrorEnums.swift */ = {isa = PBXFileReference; lastKnownFileType = sourcecode.swift; path = ErrorEnums.swift; sourceTree = "<group>"; };
		6D00FC932925179000BFBD90 /* AuctionManager.swift */ = {isa = PBXFileReference; lastKnownFileType = sourcecode.swift; path = AuctionManager.swift; sourceTree = "<group>"; };
		6D00FC9529251CCC00BFBD90 /* DataBase.swift */ = {isa = PBXFileReference; lastKnownFileType = sourcecode.swift; path = DataBase.swift; sourceTree = "<group>"; };
		6D00FC972925F12300BFBD90 /* AuctionStatus.swift */ = {isa = PBXFileReference; lastKnownFileType = sourcecode.swift; path = AuctionStatus.swift; sourceTree = "<group>"; };
		6D00FC992926021000BFBD90 /* BuyerRegistrationService.swift */ = {isa = PBXFileReference; lastKnownFileType = sourcecode.swift; path = BuyerRegistrationService.swift; sourceTree = "<group>"; };
		6D00FC9B2926156C00BFBD90 /* ValidationHelper.swift */ = {isa = PBXFileReference; lastKnownFileType = sourcecode.swift; path = ValidationHelper.swift; sourceTree = "<group>"; };
		6D00FC9D292637EF00BFBD90 /* LoginService.swift */ = {isa = PBXFileReference; lastKnownFileType = sourcecode.swift; path = LoginService.swift; sourceTree = "<group>"; };
		6D00FCA12926428C00BFBD90 /* Staff.swift */ = {isa = PBXFileReference; lastKnownFileType = sourcecode.swift; path = Staff.swift; sourceTree = "<group>"; };
		6D00FCA32927423F00BFBD90 /* AuctionManagerService.swift */ = {isa = PBXFileReference; lastKnownFileType = sourcecode.swift; path = AuctionManagerService.swift; sourceTree = "<group>"; };
		6D00FCA5292745B000BFBD90 /* ItemEnums.swift */ = {isa = PBXFileReference; lastKnownFileType = sourcecode.swift; path = ItemEnums.swift; sourceTree = "<group>"; };
		6D3A67A12923965200BB3BBC /* AuctionManagementSystem */ = {isa = PBXFileReference; explicitFileType = "compiled.mach-o.executable"; includeInIndex = 0; path = AuctionManagementSystem; sourceTree = BUILT_PRODUCTS_DIR; };
		6D3A67A42923965200BB3BBC /* main.swift */ = {isa = PBXFileReference; lastKnownFileType = sourcecode.swift; path = main.swift; sourceTree = "<group>"; };
		6D3A67AE2923974E00BB3BBC /* Buyer.swift */ = {isa = PBXFileReference; lastKnownFileType = sourcecode.swift; path = Buyer.swift; sourceTree = "<group>"; };
		6D3A67B02923976E00BB3BBC /* Auctioneer.swift */ = {isa = PBXFileReference; lastKnownFileType = sourcecode.swift; path = Auctioneer.swift; sourceTree = "<group>"; };
		6D3A67B2292397BE00BB3BBC /* Auction.swift */ = {isa = PBXFileReference; lastKnownFileType = sourcecode.swift; path = Auction.swift; sourceTree = "<group>"; };
		6D3A67B4292397C900BB3BBC /* Bid.swift */ = {isa = PBXFileReference; lastKnownFileType = sourcecode.swift; path = Bid.swift; sourceTree = "<group>"; };
		6D3A67B6292397E100BB3BBC /* UserServices.swift */ = {isa = PBXFileReference; lastKnownFileType = sourcecode.swift; path = UserServices.swift; sourceTree = "<group>"; };
		6D3A67B92923980E00BB3BBC /* AuctioneerServices.swift */ = {isa = PBXFileReference; lastKnownFileType = sourcecode.swift; path = AuctioneerServices.swift; sourceTree = "<group>"; };
		6D3A67BB2923981D00BB3BBC /* BuyerServices.swift */ = {isa = PBXFileReference; lastKnownFileType = sourcecode.swift; path = BuyerServices.swift; sourceTree = "<group>"; };
		6D3A67BD29239C6B00BB3BBC /* Item.swift */ = {isa = PBXFileReference; lastKnownFileType = sourcecode.swift; path = Item.swift; sourceTree = "<group>"; };
		6D3A67BF2923BD1E00BB3BBC /* MenuManager.swift */ = {isa = PBXFileReference; lastKnownFileType = sourcecode.swift; path = MenuManager.swift; sourceTree = "<group>"; };
		6D3A67C52923BE4400BB3BBC /* PrintHelper.swift */ = {isa = PBXFileReference; lastKnownFileType = sourcecode.swift; path = PrintHelper.swift; sourceTree = "<group>"; };
/* End PBXFileReference section */

/* Begin PBXFrameworksBuildPhase section */
		6D3A679E2923965200BB3BBC /* Frameworks */ = {
			isa = PBXFrameworksBuildPhase;
			buildActionMask = 2147483647;
			files = (
			);
			runOnlyForDeploymentPostprocessing = 0;
		};
/* End PBXFrameworksBuildPhase section */

/* Begin PBXGroup section */
		6D00FC8C2923BF9900BFBD90 /* enums */ = {
			isa = PBXGroup;
			children = (
				6D00FC8D2923C07800BFBD90 /* Message.swift */,
				6D00FC912924CC6200BFBD90 /* ErrorEnums.swift */,
				6D00FC972925F12300BFBD90 /* AuctionStatus.swift */,
				6D00FCA5292745B000BFBD90 /* ItemEnums.swift */,
			);
			path = enums;
			sourceTree = "<group>";
		};
		6D3A67982923965200BB3BBC = {
			isa = PBXGroup;
			children = (
				6D3A67A32923965200BB3BBC /* AuctionManagementSystem */,
				6D3A67A22923965200BB3BBC /* Products */,
			);
			sourceTree = "<group>";
		};
		6D3A67A22923965200BB3BBC /* Products */ = {
			isa = PBXGroup;
			children = (
				6D3A67A12923965200BB3BBC /* AuctionManagementSystem */,
			);
			name = Products;
			sourceTree = "<group>";
		};
		6D3A67A32923965200BB3BBC /* AuctionManagementSystem */ = {
			isa = PBXGroup;
			children = (
				6D00FC8C2923BF9900BFBD90 /* enums */,
				6D3A67C42923BE2900BB3BBC /* Helper */,
				6D3A67AD292396D500BB3BBC /* DataBase */,
				6D3A67AC2923968D00BB3BBC /* Models */,
				6D3A67AB2923968100BB3BBC /* Services */,
				6D3A67A42923965200BB3BBC /* main.swift */,
				6D3A67C12923BD2300BB3BBC /* Menu */,
			);
			path = AuctionManagementSystem;
			sourceTree = "<group>";
		};
		6D3A67AB2923968100BB3BBC /* Services */ = {
			isa = PBXGroup;
			children = (
				6D3A67B6292397E100BB3BBC /* UserServices.swift */,
				6D3A67B92923980E00BB3BBC /* AuctioneerServices.swift */,
				6D00FCA32927423F00BFBD90 /* AuctionManagerService.swift */,
				6D3A67BB2923981D00BB3BBC /* BuyerServices.swift */,
				6D00FC992926021000BFBD90 /* BuyerRegistrationService.swift */,
				6D00FC9D292637EF00BFBD90 /* LoginService.swift */,
			);
			path = Services;
			sourceTree = "<group>";
		};
		6D3A67AC2923968D00BB3BBC /* Models */ = {
			isa = PBXGroup;
			children = (
				6D3A67AE2923974E00BB3BBC /* Buyer.swift */,
				6D3A67B02923976E00BB3BBC /* Auctioneer.swift */,
				6D3A67B2292397BE00BB3BBC /* Auction.swift */,
				6D3A67B4292397C900BB3BBC /* Bid.swift */,
				6D3A67BD29239C6B00BB3BBC /* Item.swift */,
				6D00FC932925179000BFBD90 /* AuctionManager.swift */,
				6D00FCA12926428C00BFBD90 /* Staff.swift */,
			);
			path = Models;
			sourceTree = "<group>";
		};
		6D3A67AD292396D500BB3BBC /* DataBase */ = {
			isa = PBXGroup;
			children = (
				6D00FC9529251CCC00BFBD90 /* DataBase.swift */,
			);
			path = DataBase;
			sourceTree = "<group>";
		};
		6D3A67C12923BD2300BB3BBC /* Menu */ = {
			isa = PBXGroup;
			children = (
				6D3A67BF2923BD1E00BB3BBC /* MenuManager.swift */,
			);
			path = Menu;
			sourceTree = "<group>";
		};
		6D3A67C42923BE2900BB3BBC /* Helper */ = {
			isa = PBXGroup;
			children = (
				6D3A67C52923BE4400BB3BBC /* PrintHelper.swift */,
				6D00FC8F2924C94F00BFBD90 /* InputHelper.swift */,
				6D00FC9B2926156C00BFBD90 /* ValidationHelper.swift */,
			);
			path = Helper;
			sourceTree = "<group>";
		};
/* End PBXGroup section */

/* Begin PBXNativeTarget section */
		6D3A67A02923965200BB3BBC /* AuctionManagementSystem */ = {
			isa = PBXNativeTarget;
			buildConfigurationList = 6D3A67A82923965200BB3BBC /* Build configuration list for PBXNativeTarget "AuctionManagementSystem" */;
			buildPhases = (
				6D3A679D2923965200BB3BBC /* Sources */,
				6D3A679E2923965200BB3BBC /* Frameworks */,
				6D3A679F2923965200BB3BBC /* CopyFiles */,
			);
			buildRules = (
			);
			dependencies = (
			);
			name = AuctionManagementSystem;
			productName = AuctionManagementSystem;
			productReference = 6D3A67A12923965200BB3BBC /* AuctionManagementSystem */;
			productType = "com.apple.product-type.tool";
		};
/* End PBXNativeTarget section */

/* Begin PBXProject section */
		6D3A67992923965200BB3BBC /* Project object */ = {
			isa = PBXProject;
			attributes = {
				BuildIndependentTargetsInParallel = 1;
				LastSwiftUpdateCheck = 1400;
				LastUpgradeCheck = 1400;
				TargetAttributes = {
					6D3A67A02923965200BB3BBC = {
						CreatedOnToolsVersion = 14.0;
					};
				};
			};
			buildConfigurationList = 6D3A679C2923965200BB3BBC /* Build configuration list for PBXProject "AuctionManagementSystem" */;
			compatibilityVersion = "Xcode 14.0";
			developmentRegion = en;
			hasScannedForEncodings = 0;
			knownRegions = (
				en,
				Base,
			);
			mainGroup = 6D3A67982923965200BB3BBC;
			productRefGroup = 6D3A67A22923965200BB3BBC /* Products */;
			projectDirPath = "";
			projectRoot = "";
			targets = (
				6D3A67A02923965200BB3BBC /* AuctionManagementSystem */,
			);
		};
/* End PBXProject section */

/* Begin PBXSourcesBuildPhase section */
		6D3A679D2923965200BB3BBC /* Sources */ = {
			isa = PBXSourcesBuildPhase;
			buildActionMask = 2147483647;
			files = (
				6D00FCA6292745B000BFBD90 /* ItemEnums.swift in Sources */,
				6D3A67B5292397C900BB3BBC /* Bid.swift in Sources */,
				6D00FC9C2926156C00BFBD90 /* ValidationHelper.swift in Sources */,
				6D3A67BE29239C6B00BB3BBC /* Item.swift in Sources */,
				6D3A67C02923BD1E00BB3BBC /* MenuManager.swift in Sources */,
				6D3A67BC2923981D00BB3BBC /* BuyerServices.swift in Sources */,
				6D00FC982925F12300BFBD90 /* AuctionStatus.swift in Sources */,
				6D3A67C62923BE4400BB3BBC /* PrintHelper.swift in Sources */,
				6D00FC9E292637EF00BFBD90 /* LoginService.swift in Sources */,
				6D00FC942925179000BFBD90 /* AuctionManager.swift in Sources */,
				6D3A67A52923965200BB3BBC /* main.swift in Sources */,
				6D00FC8E2923C07800BFBD90 /* Message.swift in Sources */,
				6D00FC922924CC6200BFBD90 /* ErrorEnums.swift in Sources */,
				6D00FCA22926428C00BFBD90 /* Staff.swift in Sources */,
				6D00FC902924C94F00BFBD90 /* InputHelper.swift in Sources */,
				6D3A67BA2923980E00BB3BBC /* AuctioneerServices.swift in Sources */,
				6D3A67B12923976E00BB3BBC /* Auctioneer.swift in Sources */,
				6D3A67AF2923974E00BB3BBC /* Buyer.swift in Sources */,
				6D3A67B7292397E100BB3BBC /* UserServices.swift in Sources */,
				6D00FC9A2926021000BFBD90 /* BuyerRegistrationService.swift in Sources */,
				6D00FCA42927424000BFBD90 /* AuctionManagerService.swift in Sources */,
				6D00FC9629251CCC00BFBD90 /* DataBase.swift in Sources */,
				6D3A67B3292397BE00BB3BBC /* Auction.swift in Sources */,
			);
			runOnlyForDeploymentPostprocessing = 0;
		};
/* End PBXSourcesBuildPhase section */

/* Begin XCBuildConfiguration section */
		6D3A67A62923965200BB3BBC /* Debug */ = {
			isa = XCBuildConfiguration;
			buildSettings = {
				ALWAYS_SEARCH_USER_PATHS = NO;
				CLANG_ANALYZER_NONNULL = YES;
				CLANG_ANALYZER_NUMBER_OBJECT_CONVERSION = YES_AGGRESSIVE;
				CLANG_CXX_LANGUAGE_STANDARD = "gnu++20";
				CLANG_ENABLE_MODULES = YES;
				CLANG_ENABLE_OBJC_ARC = YES;
				CLANG_ENABLE_OBJC_WEAK = YES;
				CLANG_WARN_BLOCK_CAPTURE_AUTORELEASING = YES;
				CLANG_WARN_BOOL_CONVERSION = YES;
				CLANG_WARN_COMMA = YES;
				CLANG_WARN_CONSTANT_CONVERSION = YES;
				CLANG_WARN_DEPRECATED_OBJC_IMPLEMENTATIONS = YES;
				CLANG_WARN_DIRECT_OBJC_ISA_USAGE = YES_ERROR;
				CLANG_WARN_DOCUMENTATION_COMMENTS = YES;
				CLANG_WARN_EMPTY_BODY = YES;
				CLANG_WARN_ENUM_CONVERSION = YES;
				CLANG_WARN_INFINITE_RECURSION = YES;
				CLANG_WARN_INT_CONVERSION = YES;
				CLANG_WARN_NON_LITERAL_NULL_CONVERSION = YES;
				CLANG_WARN_OBJC_IMPLICIT_RETAIN_SELF = YES;
				CLANG_WARN_OBJC_LITERAL_CONVERSION = YES;
				CLANG_WARN_OBJC_ROOT_CLASS = YES_ERROR;
				CLANG_WARN_QUOTED_INCLUDE_IN_FRAMEWORK_HEADER = YES;
				CLANG_WARN_RANGE_LOOP_ANALYSIS = YES;
				CLANG_WARN_STRICT_PROTOTYPES = YES;
				CLANG_WARN_SUSPICIOUS_MOVE = YES;
				CLANG_WARN_UNGUARDED_AVAILABILITY = YES_AGGRESSIVE;
				CLANG_WARN_UNREACHABLE_CODE = YES;
				CLANG_WARN__DUPLICATE_METHOD_MATCH = YES;
				COPY_PHASE_STRIP = NO;
				DEBUG_INFORMATION_FORMAT = dwarf;
				ENABLE_STRICT_OBJC_MSGSEND = YES;
				ENABLE_TESTABILITY = YES;
				GCC_C_LANGUAGE_STANDARD = gnu11;
				GCC_DYNAMIC_NO_PIC = NO;
				GCC_NO_COMMON_BLOCKS = YES;
				GCC_OPTIMIZATION_LEVEL = 0;
				GCC_PREPROCESSOR_DEFINITIONS = (
					"DEBUG=1",
					"$(inherited)",
				);
				GCC_WARN_64_TO_32_BIT_CONVERSION = YES;
				GCC_WARN_ABOUT_RETURN_TYPE = YES_ERROR;
				GCC_WARN_UNDECLARED_SELECTOR = YES;
				GCC_WARN_UNINITIALIZED_AUTOS = YES_AGGRESSIVE;
				GCC_WARN_UNUSED_FUNCTION = YES;
				GCC_WARN_UNUSED_VARIABLE = YES;
				MACOSX_DEPLOYMENT_TARGET = 12.3;
				MTL_ENABLE_DEBUG_INFO = INCLUDE_SOURCE;
				MTL_FAST_MATH = YES;
				ONLY_ACTIVE_ARCH = YES;
				SDKROOT = macosx;
				SWIFT_ACTIVE_COMPILATION_CONDITIONS = DEBUG;
				SWIFT_OPTIMIZATION_LEVEL = "-Onone";
			};
			name = Debug;
		};
		6D3A67A72923965200BB3BBC /* Release */ = {
			isa = XCBuildConfiguration;
			buildSettings = {
				ALWAYS_SEARCH_USER_PATHS = NO;
				CLANG_ANALYZER_NONNULL = YES;
				CLANG_ANALYZER_NUMBER_OBJECT_CONVERSION = YES_AGGRESSIVE;
				CLANG_CXX_LANGUAGE_STANDARD = "gnu++20";
				CLANG_ENABLE_MODULES = YES;
				CLANG_ENABLE_OBJC_ARC = YES;
				CLANG_ENABLE_OBJC_WEAK = YES;
				CLANG_WARN_BLOCK_CAPTURE_AUTORELEASING = YES;
				CLANG_WARN_BOOL_CONVERSION = YES;
				CLANG_WARN_COMMA = YES;
				CLANG_WARN_CONSTANT_CONVERSION = YES;
				CLANG_WARN_DEPRECATED_OBJC_IMPLEMENTATIONS = YES;
				CLANG_WARN_DIRECT_OBJC_ISA_USAGE = YES_ERROR;
				CLANG_WARN_DOCUMENTATION_COMMENTS = YES;
				CLANG_WARN_EMPTY_BODY = YES;
				CLANG_WARN_ENUM_CONVERSION = YES;
				CLANG_WARN_INFINITE_RECURSION = YES;
				CLANG_WARN_INT_CONVERSION = YES;
				CLANG_WARN_NON_LITERAL_NULL_CONVERSION = YES;
				CLANG_WARN_OBJC_IMPLICIT_RETAIN_SELF = YES;
				CLANG_WARN_OBJC_LITERAL_CONVERSION = YES;
				CLANG_WARN_OBJC_ROOT_CLASS = YES_ERROR;
				CLANG_WARN_QUOTED_INCLUDE_IN_FRAMEWORK_HEADER = YES;
				CLANG_WARN_RANGE_LOOP_ANALYSIS = YES;
				CLANG_WARN_STRICT_PROTOTYPES = YES;
				CLANG_WARN_SUSPICIOUS_MOVE = YES;
				CLANG_WARN_UNGUARDED_AVAILABILITY = YES_AGGRESSIVE;
				CLANG_WARN_UNREACHABLE_CODE = YES;
				CLANG_WARN__DUPLICATE_METHOD_MATCH = YES;
				COPY_PHASE_STRIP = NO;
				DEBUG_INFORMATION_FORMAT = "dwarf-with-dsym";
				ENABLE_NS_ASSERTIONS = NO;
				ENABLE_STRICT_OBJC_MSGSEND = YES;
				GCC_C_LANGUAGE_STANDARD = gnu11;
				GCC_NO_COMMON_BLOCKS = YES;
				GCC_WARN_64_TO_32_BIT_CONVERSION = YES;
				GCC_WARN_ABOUT_RETURN_TYPE = YES_ERROR;
				GCC_WARN_UNDECLARED_SELECTOR = YES;
				GCC_WARN_UNINITIALIZED_AUTOS = YES_AGGRESSIVE;
				GCC_WARN_UNUSED_FUNCTION = YES;
				GCC_WARN_UNUSED_VARIABLE = YES;
				MACOSX_DEPLOYMENT_TARGET = 12.3;
				MTL_ENABLE_DEBUG_INFO = NO;
				MTL_FAST_MATH = YES;
				SDKROOT = macosx;
				SWIFT_COMPILATION_MODE = wholemodule;
				SWIFT_OPTIMIZATION_LEVEL = "-O";
			};
			name = Release;
		};
		6D3A67A92923965200BB3BBC /* Debug */ = {
			isa = XCBuildConfiguration;
			buildSettings = {
				CODE_SIGN_STYLE = Automatic;
				PRODUCT_NAME = "$(TARGET_NAME)";
				SWIFT_VERSION = 5.0;
			};
			name = Debug;
		};
		6D3A67AA2923965200BB3BBC /* Release */ = {
			isa = XCBuildConfiguration;
			buildSettings = {
				CODE_SIGN_STYLE = Automatic;
				PRODUCT_NAME = "$(TARGET_NAME)";
				SWIFT_VERSION = 5.0;
			};
			name = Release;
		};
/* End XCBuildConfiguration section */

/* Begin XCConfigurationList section */
		6D3A679C2923965200BB3BBC /* Build configuration list for PBXProject "AuctionManagementSystem" */ = {
			isa = XCConfigurationList;
			buildConfigurations = (
				6D3A67A62923965200BB3BBC /* Debug */,
				6D3A67A72923965200BB3BBC /* Release */,
			);
			defaultConfigurationIsVisible = 0;
			defaultConfigurationName = Release;
		};
		6D3A67A82923965200BB3BBC /* Build configuration list for PBXNativeTarget "AuctionManagementSystem" */ = {
			isa = XCConfigurationList;
			buildConfigurations = (
				6D3A67A92923965200BB3BBC /* Debug */,
				6D3A67AA2923965200BB3BBC /* Release */,
			);
			defaultConfigurationIsVisible = 0;
			defaultConfigurationName = Release;
		};
/* End XCConfigurationList section */
	};
	rootObject = 6D3A67992923965200BB3BBC /* Project object */;
}
